github.com/Masterminds/semver/v3 v3.2.1 h1:RN9w6+7QoMeJVGyfmbcgs28Br8cvmnucEXnY0rYXWg0=
github.com/Masterminds/semver/v3 v3.2.1/go.mod h1:qvl/7zhW3nngYb5+80sSMF+FG2BjYrf8m9wsX0PNOMQ=
github.com/aws/constructs-go/constructs/v10 v10.1.167 h1:9qy6KEHleT8/4UDSTspRRd82h+MKDxcCqwEG3R23Tyo=
github.com/aws/constructs-go/constructs/v10 v10.1.167/go.mod h1:UXHdJzEYgQPF75bdwT+sWUqMKhXQgW/65MIxFI/ulmE=
github.com/aws/constructs-go/constructs/v10 v10.3.0 h1:LsjBIMiaDX/vqrXWhzTquBJ9pPdi02/H+z1DCwg0PEM=
github.com/aws/constructs-go/constructs/v10 v10.3.0/go.mod h1:GgzwIwoRJ2UYsr3SU+JhAl+gq5j39bEMYf8ev3J+s9s=
github.com/aws/jsii-runtime-go v1.91.0 h1:KJAgMbRY7/Cp2ocV5rIf4GmLBiFYYAMYVDeAebP2kfE=
github.com/aws/jsii-runtime-go v1.91.0/go.mod h1:xLBI2fKjWK68+eqqmvkv4HL1f4YUPLiAi5BT3wNUD74=
github.com/aws/jsii-runtime-go v1.92.0 h1:2Uk81AmgQ+p1tkRpcA01XXiqrXcaGIyTZS6HGY2ni6w=
github.com/aws/jsii-runtime-go v1.92.0/go.mod h1:nwCGoF0yOzfgXL3B47zRS30rSskPQFkPFqZgEyMQ59I=
github.com/cdktf/cdktf-provider-aws-go/aws/v18 v18.0.7 h1:t4DIoL7FwTHCYuCgCG+AyfgJVatBapws3JzGcw7ZRZo=
github.com/cdktf/cdktf-provider-aws-go/aws/v18 v18.0.7/go.mod h1:J90T416wrtbzderLKpgbUxsvs8S3Z8lAjHyxiNUI+6Q=
github.com/cdktf/cdktf-provider-docker-go/docker/v10 v10.0.0 h1:lzOTarBx/04LRy0NI8URRJeqEjmtEDYWNjjvC51/QJc=
github.com/cdktf/cdktf-provider-docker-go/docker/v10 v10.0.0/go.mod h1:segZDganPdJy17RR1msE7yst6nhm76UebUx+ibw1cNI=
github.com/davecgh/go-spew v1.1.1/go.mod h1:J7Y8YcW2NihsgmVo/mv3lAwl/skON4iLHjSsI+c5H38=
github.com/hashicorp/terraform-cdk-go/cdktf v0.19.1 h1:hYAGBc2FcJ9bkoi7KW2yBQ6NgW9W8gpUKidggGUIc2o=
github.com/hashicorp/terraform-cdk-go/cdktf v0.19.1/go.mod h1:RxPi3ST02Xrw+L9kCqNe8boHcXupDQCdJwGGcD3wemg=
github.com/pmezard/go-difflib v1.0.0/go.mod h1:iKH77koFhYxTK1pcRnkKkqfTogsbg7gZNVY4sRDYZ/4=
github.com/yuin/goldmark v1.4.13/go.mod h1:6yULJ656Px+3vBD8DxQVa3kxgyrAnzto9xy5taEt/CY=
golang.org/x/lint v0.0.0-20210508222113-6edffad5e616/go.mod h1:3xt1FjdF8hUf6vQPIChWIBhFzV8gjjsPE/fR3IyQdNY=
gopkg.in/yaml.v3 v3.0.1/go.mod h1:K4uyk7z7BCEPqu6E+C64Yfv1cQ7kz7rIZviUmN+EgEM=
